
Microsoft Visual Studio Solution File, Format Version 12.00
# Visual Studio Version 16
VisualStudioVersion = 16.0.30113.216
MinimumVisualStudioVersion = 15.0.26124.0
Project("{9A19103F-16F7-4668-BE54-9A1E7A4F7556}") = "MobileApp", "MobileApp\MobileApp\MobileApp.csproj", "{9553B242-DA01-4C87-9666-636E496A2929}"
EndProject
Project("{FAE04EC0-301F-11D3-BF4B-00C04F79EFBC}") = "MobileApp.Android", "MobileApp\MobileApp.Android\MobileApp.Android.csproj", "{A625287D-F274-4A50-94A8-BC50386BC92B}"
EndProject
Project("{FAE04EC0-301F-11D3-BF4B-00C04F79EFBC}") = "MobileApp.iOS", "MobileApp\MobileApp.iOS\MobileApp.iOS.csproj", "{EEBB59B5-8032-4130-9EEB-E18DBF847DD4}"
EndProject
Global
	GlobalSection(SolutionConfigurationPlatforms) = preSolution
		Debug|Any CPU = Debug|Any CPU
		Debug|iPhone = Debug|iPhone
		Debug|iPhoneSimulator = Debug|iPhoneSimulator
		Debug|x64 = Debug|x64
		Debug|x86 = Debug|x86
		Release|Any CPU = Release|Any CPU
		Release|iPhone = Release|iPhone
		Release|iPhoneSimulator = Release|iPhoneSimulator
		Release|x64 = Release|x64
		Release|x86 = Release|x86
	EndGlobalSection
	GlobalSection(ProjectConfigurationPlatforms) = postSolution
		{9553B242-DA01-4C87-9666-636E496A2929}.Debug|Any CPU.ActiveCfg = Debug|Any CPU
		{9553B242-DA01-4C87-9666-636E496A2929}.Debug|Any CPU.Build.0 = Debug|Any CPU
		{9553B242-DA01-4C87-9666-636E496A2929}.Debug|iPhone.ActiveCfg = Debug|Any CPU
		{9553B242-DA01-4C87-9666-636E496A2929}.Debug|iPhone.Build.0 = Debug|Any CPU
		{9553B242-DA01-4C87-9666-636E496A2929}.Debug|iPhoneSimulator.ActiveCfg = Debug|Any CPU
		{9553B242-DA01-4C87-9666-636E496A2929}.Debug|iPhoneSimulator.Build.0 = Debug|Any CPU
		{9553B242-DA01-4C87-9666-636E496A2929}.Debug|x64.ActiveCfg = Debug|Any CPU
		{9553B242-DA01-4C87-9666-636E496A2929}.Debug|x64.Build.0 = Debug|Any CPU
		{9553B242-DA01-4C87-9666-636E496A2929}.Debug|x86.ActiveCfg = Debug|Any CPU
		{9553B242-DA01-4C87-9666-636E496A2929}.Debug|x86.Build.0 = Debug|Any CPU
		{9553B242-DA01-4C87-9666-636E496A2929}.Release|Any CPU.ActiveCfg = Release|Any CPU
		{9553B242-DA01-4C87-9666-636E496A2929}.Release|Any CPU.Build.0 = Release|Any CPU
		{9553B242-DA01-4C87-9666-636E496A2929}.Release|iPhone.ActiveCfg = Release|Any CPU
		{9553B242-DA01-4C87-9666-636E496A2929}.Release|iPhone.Build.0 = Release|Any CPU
		{9553B242-DA01-4C87-9666-636E496A2929}.Release|iPhoneSimulator.ActiveCfg = Release|Any CPU
		{9553B242-DA01-4C87-9666-636E496A2929}.Release|iPhoneSimulator.Build.0 = Release|Any CPU
		{9553B242-DA01-4C87-9666-636E496A2929}.Release|x64.ActiveCfg = Release|Any CPU
		{9553B242-DA01-4C87-9666-636E496A2929}.Release|x64.Build.0 = Release|Any CPU
		{9553B242-DA01-4C87-9666-636E496A2929}.Release|x86.ActiveCfg = Release|Any CPU
		{9553B242-DA01-4C87-9666-636E496A2929}.Release|x86.Build.0 = Release|Any CPU
		{A625287D-F274-4A50-94A8-BC50386BC92B}.Debug|Any CPU.ActiveCfg = Debug|Any CPU
		{A625287D-F274-4A50-94A8-BC50386BC92B}.Debug|Any CPU.Build.0 = Debug|Any CPU
		{A625287D-F274-4A50-94A8-BC50386BC92B}.Debug|Any CPU.Deploy.0 = Debug|Any CPU
		{A625287D-F274-4A50-94A8-BC50386BC92B}.Debug|iPhone.ActiveCfg = Debug|Any CPU
		{A625287D-F274-4A50-94A8-BC50386BC92B}.Debug|iPhone.Build.0 = Debug|Any CPU
		{A625287D-F274-4A50-94A8-BC50386BC92B}.Debug|iPhone.Deploy.0 = Debug|Any CPU
		{A625287D-F274-4A50-94A8-BC50386BC92B}.Debug|iPhoneSimulator.ActiveCfg = Debug|Any CPU
		{A625287D-F274-4A50-94A8-BC50386BC92B}.Debug|iPhoneSimulator.Build.0 = Debug|Any CPU
		{A625287D-F274-4A50-94A8-BC50386BC92B}.Debug|iPhoneSimulator.Deploy.0 = Debug|Any CPU
		{A625287D-F274-4A50-94A8-BC50386BC92B}.Debug|x64.ActiveCfg = Debug|Any CPU
		{A625287D-F274-4A50-94A8-BC50386BC92B}.Debug|x64.Build.0 = Debug|Any CPU
		{A625287D-F274-4A50-94A8-BC50386BC92B}.Debug|x64.Deploy.0 = Debug|Any CPU
		{A625287D-F274-4A50-94A8-BC50386BC92B}.Debug|x86.ActiveCfg = Debug|Any CPU
		{A625287D-F274-4A50-94A8-BC50386BC92B}.Debug|x86.Build.0 = Debug|Any CPU
		{A625287D-F274-4A50-94A8-BC50386BC92B}.Debug|x86.Deploy.0 = Debug|Any CPU
		{A625287D-F274-4A50-94A8-BC50386BC92B}.Release|Any CPU.ActiveCfg = Release|Any CPU
		{A625287D-F274-4A50-94A8-BC50386BC92B}.Release|Any CPU.Build.0 = Release|Any CPU
		{A625287D-F274-4A50-94A8-BC50386BC92B}.Release|Any CPU.Deploy.0 = Release|Any CPU
		{A625287D-F274-4A50-94A8-BC50386BC92B}.Release|iPhone.ActiveCfg = Release|Any CPU
		{A625287D-F274-4A50-94A8-BC50386BC92B}.Release|iPhone.Build.0 = Release|Any CPU
		{A625287D-F274-4A50-94A8-BC50386BC92B}.Release|iPhone.Deploy.0 = Release|Any CPU
		{A625287D-F274-4A50-94A8-BC50386BC92B}.Release|iPhoneSimulator.ActiveCfg = Release|Any CPU
		{A625287D-F274-4A50-94A8-BC50386BC92B}.Release|iPhoneSimulator.Build.0 = Release|Any CPU
		{A625287D-F274-4A50-94A8-BC50386BC92B}.Release|iPhoneSimulator.Deploy.0 = Release|Any CPU
		{A625287D-F274-4A50-94A8-BC50386BC92B}.Release|x64.ActiveCfg = Release|Any CPU
		{A625287D-F274-4A50-94A8-BC50386BC92B}.Release|x64.Build.0 = Release|Any CPU
		{A625287D-F274-4A50-94A8-BC50386BC92B}.Release|x64.Deploy.0 = Release|Any CPU
		{A625287D-F274-4A50-94A8-BC50386BC92B}.Release|x86.ActiveCfg = Release|Any CPU
		{A625287D-F274-4A50-94A8-BC50386BC92B}.Release|x86.Build.0 = Release|Any CPU
		{A625287D-F274-4A50-94A8-BC50386BC92B}.Release|x86.Deploy.0 = Release|Any CPU
		{EEBB59B5-8032-4130-9EEB-E18DBF847DD4}.Debug|Any CPU.ActiveCfg = Debug|iPhone
		{EEBB59B5-8032-4130-9EEB-E18DBF847DD4}.Debug|iPhone.ActiveCfg = Debug|iPhone
		{EEBB59B5-8032-4130-9EEB-E18DBF847DD4}.Debug|iPhone.Build.0 = Debug|iPhone
		{EEBB59B5-8032-4130-9EEB-E18DBF847DD4}.Debug|iPhoneSimulator.ActiveCfg = Debug|iPhoneSimulator
		{EEBB59B5-8032-4130-9EEB-E18DBF847DD4}.Debug|iPhoneSimulator.Build.0 = Debug|iPhoneSimulator
		{EEBB59B5-8032-4130-9EEB-E18DBF847DD4}.Debug|x64.ActiveCfg = Debug|iPhone
		{EEBB59B5-8032-4130-9EEB-E18DBF847DD4}.Debug|x86.ActiveCfg = Debug|iPhone
		{EEBB59B5-8032-4130-9EEB-E18DBF847DD4}.Release|Any CPU.ActiveCfg = Release|iPhone
		{EEBB59B5-8032-4130-9EEB-E18DBF847DD4}.Release|iPhone.ActiveCfg = Release|iPhone
		{EEBB59B5-8032-4130-9EEB-E18DBF847DD4}.Release|iPhone.Build.0 = Release|iPhone
		{EEBB59B5-8032-4130-9EEB-E18DBF847DD4}.Release|iPhoneSimulator.ActiveCfg = Release|iPhoneSimulator
		{EEBB59B5-8032-4130-9EEB-E18DBF847DD4}.Release|iPhoneSimulator.Build.0 = Release|iPhoneSimulator
		{EEBB59B5-8032-4130-9EEB-E18DBF847DD4}.Release|x64.ActiveCfg = Release|iPhone
		{EEBB59B5-8032-4130-9EEB-E18DBF847DD4}.Release|x86.ActiveCfg = Release|iPhone
	EndGlobalSection
	GlobalSection(SolutionProperties) = preSolution
		HideSolutionNode = FALSE
	EndGlobalSection
	GlobalSection(ExtensibilityGlobals) = postSolution
		SolutionGuid = {7909CF6F-2083-4EBB-B6AA-94A98969FDA7}
	EndGlobalSection
EndGlobal
